Microsoft Visual Studio Solution File, Format Version 11.00
# Visual Studio 2008

Project("{888E8586-10A3-DE01-928A-446496F977C9}") = "FetchQuest", "Assembly-CSharp.csproj", "{5634DC29-EA5B-3650-4056-69E485D99739}"
EndProject
Global
	GlobalSection(SolutionConfigurationPlatforms) = preSolution
		Debug|Any CPU = Debug|Any CPU
		Release|Any CPU = Release|Any CPU
	EndGlobalSection
	GlobalSection(ProjectConfigurationPlatforms) = postSolution
		{5634DC29-EA5B-3650-4056-69E485D99739}.Debug|Any CPU.ActiveCfg = Debug|Any CPU
		{5634DC29-EA5B-3650-4056-69E485D99739}.Debug|Any CPU.Build.0 = Debug|Any CPU
		{5634DC29-EA5B-3650-4056-69E485D99739}.Release|Any CPU.ActiveCfg = Release|Any CPU
		{5634DC29-EA5B-3650-4056-69E485D99739}.Release|Any CPU.Build.0 = Release|Any CPU
	EndGlobalSection
	GlobalSection(SolutionProperties) = preSolution
		HideSolutionNode = FALSE
	EndGlobalSection
	GlobalSection(MonoDevelopProperties) = preSolution
		StartupItem = Assembly-CSharp.csproj
	EndGlobalSection
EndGlobal
